
Microsoft Visual Studio Solution File, Format Version 12.00
# Visual Studio Version 16
VisualStudioVersion = 16.0.810.9
MinimumVisualStudioVersion = 10.0.40219.1
Project("{FAE04EC0-301F-11D3-BF4B-00C04F79EFBC}") = "ShopKart", "ShopKart\ShopKart.csproj", "{B36D2E0A-352C-475B-9040-AA56169C5C8B}"
EndProject
Global
	GlobalSection(SolutionConfigurationPlatforms) = preSolution
		Debug|Any CPU = Debug|Any CPU
		Release|Any CPU = Release|Any CPU
	EndGlobalSection
	GlobalSection(ProjectConfigurationPlatforms) = postSolution
		{B36D2E0A-352C-475B-9040-AA56169C5C8B}.Debug|Any CPU.ActiveCfg = Debug|Any CPU
		{B36D2E0A-352C-475B-9040-AA56169C5C8B}.Debug|Any CPU.Build.0 = Debug|Any CPU
		{B36D2E0A-352C-475B-9040-AA56169C5C8B}.Release|Any CPU.ActiveCfg = Release|Any CPU
		{B36D2E0A-352C-475B-9040-AA56169C5C8B}.Release|Any CPU.Build.0 = Release|Any CPU
	EndGlobalSection
	GlobalSection(SolutionProperties) = preSolution
		HideSolutionNode = FALSE
	EndGlobalSection
	GlobalSection(ExtensibilityGlobals) = postSolution
		SolutionGuid = {47BBAA6A-32AE-4693-9CEB-21CB390E3D8B}
	EndGlobalSection
EndGlobal
